{
  "version": 4,
  "terraform_version": "1.9.2",
  "serial": 116,
  "lineage": "ce6b6c08-3a25-c865-77c5-a04fa63509dd",
  "outputs": {},
  "resources": [
    {
      "module": "module.alert_policy",
      "mode": "managed",
      "type": "azurerm_monitor_action_group",
      "name": "action_group",
      "provider": "provider[\"registry.terraform.io/hashicorp/azurerm\"]",
      "instances": [
        {
          "schema_version": 1,
          "attributes": {
            "arm_role_receiver": [],
            "automation_runbook_receiver": [],
            "azure_app_push_receiver": [],
            "azure_function_receiver": [],
            "email_receiver": [
              {
                "email_address": "rcoffie22@yahoo.com",
                "name": "sendtoadmin",
                "use_common_alert_schema": false
              }
            ],
            "enabled": true,
            "event_hub_receiver": [],
            "id": "/subscriptions/d23c01fa-5060-43cd-a999-9dd91ef91994/resourceGroups/cloud-transport/providers/Microsoft.Insights/actionGroups/cloud-transport-action",
            "itsm_receiver": [],
            "logic_app_receiver": [],
            "name": "cloud-transport-action",
            "resource_group_name": "cloud-transport",
            "short_name": "p0action",
            "sms_receiver": [],
            "tags": {},
            "timeouts": null,
            "voice_receiver": [],
            "webhook_receiver": []
          },
          "sensitive_attributes": [],
          "private": "eyJlMmJmYjczMC1lY2FhLTExZTYtOGY4OC0zNDM2M2JjN2M0YzAiOnsiY3JlYXRlIjoxODAwMDAwMDAwMDAwLCJkZWxldGUiOjE4MDAwMDAwMDAwMDAsInJlYWQiOjMwMDAwMDAwMDAwMCwidXBkYXRlIjoxODAwMDAwMDAwMDAwfSwic2NoZW1hX3ZlcnNpb24iOiIxIn0=",
          "dependencies": [
            "module.rg.azurerm_resource_group.rg"
          ]
        }
      ]
    },
    {
      "module": "module.alert_policy",
      "mode": "managed",
      "type": "azurerm_monitor_activity_log_alert",
      "name": "activity_log_alert",
      "provider": "provider[\"registry.terraform.io/hashicorp/azurerm\"]",
      "instances": [
        {
          "schema_version": 1,
          "attributes": {
            "action": [
              {
                "action_group_id": "/subscriptions/d23c01fa-5060-43cd-a999-9dd91ef91994/resourceGroups/cloud-transport/providers/Microsoft.Insights/actionGroups/cloud-transport-action",
                "webhook_properties": null
              }
            ],
            "criteria": [
              {
                "caller": "",
                "category": "Administrative",
                "level": "",
                "operation_name": "Microsoft.Compute/virtualMachines/restart/action",
                "recommendation_category": "",
                "recommendation_impact": "",
                "recommendation_type": "",
                "resource_group": "",
                "resource_health": [],
                "resource_id": "/subscriptions/d23c01fa-5060-43cd-a999-9dd91ef91994/resourceGroups/cloud-transport/providers/Microsoft.Compute/virtualMachines/cp-vm",
                "resource_provider": "",
                "resource_type": "",
                "service_health": [],
                "status": "",
                "sub_status": ""
              }
            ],
            "description": "This alert will monitor if any VM restarts",
            "enabled": true,
            "id": "/subscriptions/d23c01fa-5060-43cd-a999-9dd91ef91994/resourceGroups/cloud-transport/providers/Microsoft.Insights/activityLogAlerts/cloud-transport-vm-restart-alert",
            "name": "cloud-transport-vm-restart-alert",
            "resource_group_name": "cloud-transport",
            "scopes": [
              "/subscriptions/d23c01fa-5060-43cd-a999-9dd91ef91994/resourceGroups/cloud-transport/providers/Microsoft.Compute/virtualMachines/cp-vm"
            ],
            "tags": null,
            "timeouts": null
          },
          "sensitive_attributes": [],
          "private": "eyJlMmJmYjczMC1lY2FhLTExZTYtOGY4OC0zNDM2M2JjN2M0YzAiOnsiY3JlYXRlIjoxODAwMDAwMDAwMDAwLCJkZWxldGUiOjE4MDAwMDAwMDAwMDAsInJlYWQiOjMwMDAwMDAwMDAwMCwidXBkYXRlIjoxODAwMDAwMDAwMDAwfSwic2NoZW1hX3ZlcnNpb24iOiIxIn0=",
          "dependencies": [
            "module.alert_policy.azurerm_monitor_action_group.action_group",
            "module.rg.azurerm_resource_group.rg",
            "module.vnet.azurerm_subnet.win-vm-subnet",
            "module.vnet.azurerm_virtual_network.vnet",
            "module.win-vm.azurerm_network_interface.nic",
            "module.win-vm.azurerm_windows_virtual_machine.vm"
          ]
        }
      ]
    },
    {
      "module": "module.rg",
      "mode": "managed",
      "type": "azurerm_resource_group",
      "name": "rg",
      "provider": "provider[\"registry.terraform.io/hashicorp/azurerm\"]",
      "instances": [
        {
          "schema_version": 0,
          "attributes": {
            "id": "/subscriptions/d23c01fa-5060-43cd-a999-9dd91ef91994/resourceGroups/cloud-transport",
            "location": "eastus",
            "name": "cloud-transport",
            "tags": {},
            "timeouts": null
          },
          "sensitive_attributes": [],
          "private": "eyJlMmJmYjczMC1lY2FhLTExZTYtOGY4OC0zNDM2M2JjN2M0YzAiOnsiY3JlYXRlIjo1NDAwMDAwMDAwMDAwLCJkZWxldGUiOjU0MDAwMDAwMDAwMDAsInJlYWQiOjMwMDAwMDAwMDAwMCwidXBkYXRlIjo1NDAwMDAwMDAwMDAwfX0="
        }
      ]
    },
    {
      "module": "module.rg",
      "mode": "managed",
      "type": "azurerm_resource_group",
      "name": "snapshot-rg",
      "provider": "provider[\"registry.terraform.io/hashicorp/azurerm\"]",
      "instances": [
        {
          "schema_version": 0,
          "attributes": {
            "id": "/subscriptions/d23c01fa-5060-43cd-a999-9dd91ef91994/resourceGroups/snapshot-rg",
            "location": "eastus",
            "name": "snapshot-rg",
            "tags": {},
            "timeouts": null
          },
          "sensitive_attributes": [],
          "private": "eyJlMmJmYjczMC1lY2FhLTExZTYtOGY4OC0zNDM2M2JjN2M0YzAiOnsiY3JlYXRlIjo1NDAwMDAwMDAwMDAwLCJkZWxldGUiOjU0MDAwMDAwMDAwMDAsInJlYWQiOjMwMDAwMDAwMDAwMCwidXBkYXRlIjo1NDAwMDAwMDAwMDAwfX0="
        }
      ]
    },
    {
      "module": "module.vnet",
      "mode": "managed",
      "type": "azurerm_subnet",
      "name": "gateway",
      "provider": "provider[\"registry.terraform.io/hashicorp/azurerm\"]",
      "instances": [
        {
          "schema_version": 0,
          "attributes": {
            "address_prefixes": [
              "10.0.0.0/24"
            ],
            "delegation": [],
            "enforce_private_link_endpoint_network_policies": false,
            "enforce_private_link_service_network_policies": false,
            "id": "/subscriptions/d23c01fa-5060-43cd-a999-9dd91ef91994/resourceGroups/cloud-transport/providers/Microsoft.Network/virtualNetworks/cloud-transport-vnet/subnets/GatewaySubnet",
            "name": "GatewaySubnet",
            "resource_group_name": "cloud-transport",
            "service_endpoint_policy_ids": [],
            "service_endpoints": [],
            "timeouts": null,
            "virtual_network_name": "cloud-transport-vnet"
          },
          "sensitive_attributes": [],
          "private": "eyJlMmJmYjczMC1lY2FhLTExZTYtOGY4OC0zNDM2M2JjN2M0YzAiOnsiY3JlYXRlIjoxODAwMDAwMDAwMDAwLCJkZWxldGUiOjE4MDAwMDAwMDAwMDAsInJlYWQiOjMwMDAwMDAwMDAwMCwidXBkYXRlIjoxODAwMDAwMDAwMDAwfX0=",
          "dependencies": [
            "module.rg.azurerm_resource_group.rg",
            "module.vnet.azurerm_virtual_network.vnet"
          ]
        }
      ]
    },
    {
      "module": "module.vnet",
      "mode": "managed",
      "type": "azurerm_subnet",
      "name": "win-vm-subnet",
      "provider": "provider[\"registry.terraform.io/hashicorp/azurerm\"]",
      "instances": [
        {
          "schema_version": 0,
          "attributes": {
            "address_prefixes": [
              "10.0.1.0/24"
            ],
            "delegation": [],
            "enforce_private_link_endpoint_network_policies": false,
            "enforce_private_link_service_network_policies": false,
            "id": "/subscriptions/d23c01fa-5060-43cd-a999-9dd91ef91994/resourceGroups/cloud-transport/providers/Microsoft.Network/virtualNetworks/cloud-transport-vnet/subnets/cloud-transport-win-vm-subnet",
            "name": "cloud-transport-win-vm-subnet",
            "resource_group_name": "cloud-transport",
            "service_endpoint_policy_ids": [],
            "service_endpoints": [],
            "timeouts": null,
            "virtual_network_name": "cloud-transport-vnet"
          },
          "sensitive_attributes": [],
          "private": "eyJlMmJmYjczMC1lY2FhLTExZTYtOGY4OC0zNDM2M2JjN2M0YzAiOnsiY3JlYXRlIjoxODAwMDAwMDAwMDAwLCJkZWxldGUiOjE4MDAwMDAwMDAwMDAsInJlYWQiOjMwMDAwMDAwMDAwMCwidXBkYXRlIjoxODAwMDAwMDAwMDAwfX0=",
          "dependencies": [
            "module.rg.azurerm_resource_group.rg",
            "module.vnet.azurerm_virtual_network.vnet"
          ]
        }
      ]
    },
    {
      "module": "module.vnet",
      "mode": "managed",
      "type": "azurerm_virtual_network",
      "name": "vnet",
      "provider": "provider[\"registry.terraform.io/hashicorp/azurerm\"]",
      "instances": [
        {
          "schema_version": 0,
          "attributes": {
            "address_space": [
              "10.0.0.0/16"
            ],
            "bgp_community": "",
            "ddos_protection_plan": [],
            "dns_servers": [
              "10.0.0.4",
              "10.0.0.5"
            ],
            "edge_zone": "",
            "flow_timeout_in_minutes": 0,
            "guid": "cfdc166b-cd21-496e-9580-b9478df13619",
            "id": "/subscriptions/d23c01fa-5060-43cd-a999-9dd91ef91994/resourceGroups/cloud-transport/providers/Microsoft.Network/virtualNetworks/cloud-transport-vnet",
            "location": "eastus",
            "name": "cloud-transport-vnet",
            "resource_group_name": "cloud-transport",
            "subnet": [
              {
                "address_prefix": "10.0.0.0/24",
                "id": "/subscriptions/d23c01fa-5060-43cd-a999-9dd91ef91994/resourceGroups/cloud-transport/providers/Microsoft.Network/virtualNetworks/cloud-transport-vnet/subnets/GatewaySubnet",
                "name": "GatewaySubnet",
                "security_group": ""
              },
              {
                "address_prefix": "10.0.1.0/24",
                "id": "/subscriptions/d23c01fa-5060-43cd-a999-9dd91ef91994/resourceGroups/cloud-transport/providers/Microsoft.Network/virtualNetworks/cloud-transport-vnet/subnets/cloud-transport-win-vm-subnet",
                "name": "cloud-transport-win-vm-subnet",
                "security_group": ""
              }
            ],
            "tags": {},
            "timeouts": null
          },
          "sensitive_attributes": [],
          "private": "eyJlMmJmYjczMC1lY2FhLTExZTYtOGY4OC0zNDM2M2JjN2M0YzAiOnsiY3JlYXRlIjoxODAwMDAwMDAwMDAwLCJkZWxldGUiOjE4MDAwMDAwMDAwMDAsInJlYWQiOjMwMDAwMDAwMDAwMCwidXBkYXRlIjoxODAwMDAwMDAwMDAwfX0=",
          "dependencies": [
            "module.rg.azurerm_resource_group.rg"
          ]
        }
      ]
    },
    {
      "module": "module.vpn",
      "mode": "managed",
      "type": "azurerm_public_ip",
      "name": "vpn",
      "provider": "provider[\"registry.terraform.io/hashicorp/azurerm\"]",
      "instances": [
        {
          "schema_version": 0,
          "attributes": {
            "allocation_method": "Dynamic",
            "domain_name_label": null,
            "edge_zone": "",
            "fqdn": null,
            "id": "/subscriptions/d23c01fa-5060-43cd-a999-9dd91ef91994/resourceGroups/cloud-transport/providers/Microsoft.Network/publicIPAddresses/vpn-pip",
            "idle_timeout_in_minutes": 4,
            "ip_address": "52.234.216.222",
            "ip_tags": {},
            "ip_version": "IPv4",
            "location": "eastus",
            "name": "vpn-pip",
            "public_ip_prefix_id": null,
            "resource_group_name": "cloud-transport",
            "reverse_fqdn": null,
            "sku": "Basic",
            "sku_tier": "Regional",
            "tags": {},
            "timeouts": null,
            "zones": []
          },
          "sensitive_attributes": [],
          "private": "eyJlMmJmYjczMC1lY2FhLTExZTYtOGY4OC0zNDM2M2JjN2M0YzAiOnsiY3JlYXRlIjoxODAwMDAwMDAwMDAwLCJkZWxldGUiOjE4MDAwMDAwMDAwMDAsInJlYWQiOjMwMDAwMDAwMDAwMCwidXBkYXRlIjoxODAwMDAwMDAwMDAwfX0=",
          "dependencies": [
            "module.rg.azurerm_resource_group.rg"
          ]
        }
      ]
    },
    {
      "module": "module.vpn",
      "mode": "managed",
      "type": "azurerm_virtual_network_gateway",
      "name": "vpn",
      "provider": "provider[\"registry.terraform.io/hashicorp/azurerm\"]",
      "instances": [
        {
          "schema_version": 0,
          "attributes": {
            "active_active": false,
            "bgp_settings": [
              {
                "asn": 65515,
                "peer_weight": 0,
                "peering_addresses": [
                  {
                    "apipa_addresses": [],
                    "default_addresses": [
                      "10.0.0.254"
                    ],
                    "ip_configuration_name": "vnetGatewayConfig",
                    "tunnel_ip_addresses": [
                      "52.234.216.222"
                    ]
                  }
                ]
              }
            ],
            "custom_route": [],
            "default_local_network_gateway_id": null,
            "edge_zone": "",
            "enable_bgp": false,
            "generation": "Generation1",
            "id": "/subscriptions/d23c01fa-5060-43cd-a999-9dd91ef91994/resourceGroups/cloud-transport/providers/Microsoft.Network/virtualNetworkGateways/vnet-getway",
            "ip_configuration": [
              {
                "name": "vnetGatewayConfig",
                "private_ip_address_allocation": "Dynamic",
                "public_ip_address_id": "/subscriptions/d23c01fa-5060-43cd-a999-9dd91ef91994/resourceGroups/cloud-transport/providers/Microsoft.Network/publicIPAddresses/vpn-pip",
                "subnet_id": "/subscriptions/d23c01fa-5060-43cd-a999-9dd91ef91994/resourceGroups/cloud-transport/providers/Microsoft.Network/virtualNetworks/cloud-transport-vnet/subnets/GatewaySubnet"
              }
            ],
            "location": "eastus",
            "name": "vnet-getway",
            "private_ip_address_enabled": false,
            "resource_group_name": "cloud-transport",
            "sku": "VpnGw1",
            "tags": {},
            "timeouts": null,
            "type": "Vpn",
            "vpn_client_configuration": [
              {
                "aad_audience": "41b23e61-6c1e-4545-b367-cd054e0ed4b4",
                "aad_issuer": "https://sts.windows.net/d4883360-2ffb-43df-ae0e-8a26b3c6d427/",
                "aad_tenant": "https://login.microsoftonline.com/d4883360-2ffb-43df-ae0e-8a26b3c6d427/",
                "address_space": [
                  "10.2.0.0/24"
                ],
                "radius_server_address": "",
                "radius_server_secret": "",
                "revoked_certificate": [],
                "root_certificate": [],
                "vpn_auth_types": [
                  "AAD"
                ],
                "vpn_client_protocols": [
                  "OpenVPN"
                ]
              }
            ],
            "vpn_type": "RouteBased"
          },
          "sensitive_attributes": [],
          "private": "eyJlMmJmYjczMC1lY2FhLTExZTYtOGY4OC0zNDM2M2JjN2M0YzAiOnsiY3JlYXRlIjozNjAwMDAwMDAwMDAwLCJkZWxldGUiOjM2MDAwMDAwMDAwMDAsInJlYWQiOjMwMDAwMDAwMDAwMCwidXBkYXRlIjozNjAwMDAwMDAwMDAwfX0=",
          "dependencies": [
            "module.rg.azurerm_resource_group.rg",
            "module.vnet.azurerm_subnet.gateway",
            "module.vnet.azurerm_virtual_network.vnet",
            "module.vpn.azurerm_public_ip.vpn"
          ]
        }
      ]
    },
    {
      "module": "module.win-vm",
      "mode": "managed",
      "type": "azurerm_managed_disk",
      "name": "managed-disk",
      "provider": "provider[\"registry.terraform.io/hashicorp/azurerm\"]",
      "instances": [
        {
          "schema_version": 0,
          "attributes": {
            "create_option": "Empty",
            "disk_access_id": "",
            "disk_encryption_set_id": "",
            "disk_iops_read_only": 0,
            "disk_iops_read_write": 500,
            "disk_mbps_read_only": 0,
            "disk_mbps_read_write": 60,
            "disk_size_gb": 16,
            "edge_zone": "",
            "encryption_settings": [],
            "gallery_image_reference_id": "",
            "hyper_v_generation": "",
            "id": "/subscriptions/d23c01fa-5060-43cd-a999-9dd91ef91994/resourceGroups/cloud-transport/providers/Microsoft.Compute/disks/cloud-transport-manage-disk",
            "image_reference_id": "",
            "location": "eastus",
            "logical_sector_size": null,
            "max_shares": 0,
            "name": "cloud-transport-manage-disk",
            "network_access_policy": null,
            "on_demand_bursting_enabled": false,
            "os_type": "",
            "public_network_access_enabled": true,
            "resource_group_name": "cloud-transport",
            "source_resource_id": "",
            "source_uri": "",
            "storage_account_id": "",
            "storage_account_type": "Standard_LRS",
            "tags": {},
            "tier": "",
            "timeouts": null,
            "trusted_launch_enabled": false,
            "zone": ""
          },
          "sensitive_attributes": [],
          "private": "eyJlMmJmYjczMC1lY2FhLTExZTYtOGY4OC0zNDM2M2JjN2M0YzAiOnsiY3JlYXRlIjoxODAwMDAwMDAwMDAwLCJkZWxldGUiOjE4MDAwMDAwMDAwMDAsInJlYWQiOjMwMDAwMDAwMDAwMCwidXBkYXRlIjoxODAwMDAwMDAwMDAwfX0=",
          "dependencies": [
            "module.rg.azurerm_resource_group.rg"
          ]
        }
      ]
    },
    {
      "module": "module.win-vm",
      "mode": "managed",
      "type": "azurerm_network_interface",
      "name": "nic",
      "provider": "provider[\"registry.terraform.io/hashicorp/azurerm\"]",
      "instances": [
        {
          "schema_version": 0,
          "attributes": {
            "applied_dns_servers": [],
            "dns_servers": [],
            "edge_zone": "",
            "enable_accelerated_networking": false,
            "enable_ip_forwarding": false,
            "id": "/subscriptions/d23c01fa-5060-43cd-a999-9dd91ef91994/resourceGroups/cloud-transport/providers/Microsoft.Network/networkInterfaces/cloud-transport-nic",
            "internal_dns_name_label": "",
            "internal_domain_name_suffix": "nmlnztzbzvxetfmaxfdy12jwdb.bx.internal.cloudapp.net",
            "ip_configuration": [
              {
                "gateway_load_balancer_frontend_ip_configuration_id": "",
                "name": "internal",
                "primary": true,
                "private_ip_address": "10.0.1.4",
                "private_ip_address_allocation": "Dynamic",
                "private_ip_address_version": "IPv4",
                "public_ip_address_id": "",
                "subnet_id": "/subscriptions/d23c01fa-5060-43cd-a999-9dd91ef91994/resourceGroups/cloud-transport/providers/Microsoft.Network/virtualNetworks/cloud-transport-vnet/subnets/cloud-transport-win-vm-subnet"
              }
            ],
            "location": "eastus",
            "mac_address": "60-45-BD-A7-02-50",
            "name": "cloud-transport-nic",
            "private_ip_address": "10.0.1.4",
            "private_ip_addresses": [
              "10.0.1.4"
            ],
            "resource_group_name": "cloud-transport",
            "tags": {},
            "timeouts": null,
            "virtual_machine_id": "/subscriptions/d23c01fa-5060-43cd-a999-9dd91ef91994/resourceGroups/cloud-transport/providers/Microsoft.Compute/virtualMachines/cp-vm"
          },
          "sensitive_attributes": [],
          "private": "eyJlMmJmYjczMC1lY2FhLTExZTYtOGY4OC0zNDM2M2JjN2M0YzAiOnsiY3JlYXRlIjoxODAwMDAwMDAwMDAwLCJkZWxldGUiOjE4MDAwMDAwMDAwMDAsInJlYWQiOjMwMDAwMDAwMDAwMCwidXBkYXRlIjoxODAwMDAwMDAwMDAwfX0=",
          "dependencies": [
            "module.rg.azurerm_resource_group.rg",
            "module.vnet.azurerm_subnet.win-vm-subnet",
            "module.vnet.azurerm_virtual_network.vnet"
          ]
        }
      ]
    },
    {
      "module": "module.win-vm",
      "mode": "managed",
      "type": "azurerm_virtual_machine_data_disk_attachment",
      "name": "disk-attachment",
      "provider": "provider[\"registry.terraform.io/hashicorp/azurerm\"]",
      "instances": [
        {
          "schema_version": 0,
          "attributes": {
            "caching": "ReadWrite",
            "create_option": "Attach",
            "id": "/subscriptions/d23c01fa-5060-43cd-a999-9dd91ef91994/resourceGroups/cloud-transport/providers/Microsoft.Compute/virtualMachines/cp-vm/dataDisks/cloud-transport-manage-disk",
            "lun": 10,
            "managed_disk_id": "/subscriptions/d23c01fa-5060-43cd-a999-9dd91ef91994/resourceGroups/cloud-transport/providers/Microsoft.Compute/disks/cloud-transport-manage-disk",
            "timeouts": null,
            "virtual_machine_id": "/subscriptions/d23c01fa-5060-43cd-a999-9dd91ef91994/resourceGroups/cloud-transport/providers/Microsoft.Compute/virtualMachines/cp-vm",
            "write_accelerator_enabled": false
          },
          "sensitive_attributes": [],
          "private": "eyJlMmJmYjczMC1lY2FhLTExZTYtOGY4OC0zNDM2M2JjN2M0YzAiOnsiY3JlYXRlIjoxODAwMDAwMDAwMDAwLCJkZWxldGUiOjE4MDAwMDAwMDAwMDAsInJlYWQiOjMwMDAwMDAwMDAwMCwidXBkYXRlIjoxODAwMDAwMDAwMDAwfX0=",
          "dependencies": [
            "module.rg.azurerm_resource_group.rg",
            "module.vnet.azurerm_subnet.win-vm-subnet",
            "module.vnet.azurerm_virtual_network.vnet",
            "module.win-vm.azurerm_managed_disk.managed-disk",
            "module.win-vm.azurerm_network_interface.nic",
            "module.win-vm.azurerm_windows_virtual_machine.vm"
          ]
        }
      ]
    },
    {
      "module": "module.win-vm",
      "mode": "managed",
      "type": "azurerm_windows_virtual_machine",
      "name": "vm",
      "provider": "provider[\"registry.terraform.io/hashicorp/azurerm\"]",
      "instances": [
        {
          "schema_version": 0,
          "attributes": {
            "additional_capabilities": [],
            "additional_unattend_content": [],
            "admin_password": "P@$$w0rd1234!",
            "admin_username": "adminuser",
            "allow_extension_operations": true,
            "availability_set_id": "",
            "boot_diagnostics": [],
            "computer_name": "cp-vm",
            "custom_data": null,
            "dedicated_host_group_id": "",
            "dedicated_host_id": "",
            "edge_zone": "",
            "enable_automatic_updates": true,
            "encryption_at_host_enabled": false,
            "eviction_policy": "",
            "extensions_time_budget": "PT1H30M",
            "hotpatching_enabled": false,
            "id": "/subscriptions/d23c01fa-5060-43cd-a999-9dd91ef91994/resourceGroups/cloud-transport/providers/Microsoft.Compute/virtualMachines/cp-vm",
            "identity": [],
            "license_type": "",
            "location": "eastus",
            "max_bid_price": -1,
            "name": "cp-vm",
            "network_interface_ids": [
              "/subscriptions/d23c01fa-5060-43cd-a999-9dd91ef91994/resourceGroups/cloud-transport/providers/Microsoft.Network/networkInterfaces/cloud-transport-nic"
            ],
            "os_disk": [
              {
                "caching": "ReadWrite",
                "diff_disk_settings": [],
                "disk_encryption_set_id": "",
                "disk_size_gb": 127,
                "name": "cp-vm_OsDisk_1_11b64645b7014249b7798beb8ce4fa5e",
                "storage_account_type": "Standard_LRS",
                "write_accelerator_enabled": false
              }
            ],
            "patch_mode": "AutomaticByOS",
            "plan": [],
            "platform_fault_domain": -1,
            "priority": "Regular",
            "private_ip_address": "10.0.1.4",
            "private_ip_addresses": [
              "10.0.1.4"
            ],
            "provision_vm_agent": true,
            "proximity_placement_group_id": "",
            "public_ip_address": "",
            "public_ip_addresses": [],
            "resource_group_name": "cloud-transport",
            "secret": [],
            "secure_boot_enabled": false,
            "size": "Standard_F2",
            "source_image_id": "",
            "source_image_reference": [
              {
                "offer": "WindowsServer",
                "publisher": "MicrosoftWindowsServer",
                "sku": "2016-Datacenter",
                "version": "latest"
              }
            ],
            "tags": {},
            "termination_notification": [],
            "timeouts": null,
            "timezone": "",
            "user_data": "",
            "virtual_machine_id": "a0fb29a2-e9a9-49c4-aed7-621d5a620e61",
            "virtual_machine_scale_set_id": "",
            "vtpm_enabled": false,
            "winrm_listener": [],
            "zone": ""
          },
          "sensitive_attributes": [
            [
              {
                "type": "get_attr",
                "value": "custom_data"
              }
            ],
            [
              {
                "type": "get_attr",
                "value": "admin_password"
              }
            ]
          ],
          "private": "eyJlMmJmYjczMC1lY2FhLTExZTYtOGY4OC0zNDM2M2JjN2M0YzAiOnsiY3JlYXRlIjoyNzAwMDAwMDAwMDAwLCJkZWxldGUiOjI3MDAwMDAwMDAwMDAsInJlYWQiOjMwMDAwMDAwMDAwMCwidXBkYXRlIjoyNzAwMDAwMDAwMDAwfX0=",
          "dependencies": [
            "module.rg.azurerm_resource_group.rg",
            "module.vnet.azurerm_subnet.win-vm-subnet",
            "module.vnet.azurerm_virtual_network.vnet",
            "module.win-vm.azurerm_network_interface.nic"
          ]
        }
      ]
    }
  ],
  "check_results": null
}
